{
  "version": 4,
  "terraform_version": "1.3.3",
  "serial": 609,
  "lineage": "8bc58613-ae49-7e96-64d7-d2ab1b9f63c3",
  "outputs": {
    "internal-ip-address": {
      "value": "10.0.0.2",
      "type": "string"
    }
  },
  "resources": [
    {
      "mode": "data",
      "type": "template_file",
      "name": "startup_script",
      "provider": "provider[\"registry.terraform.io/hashicorp/template\"]",
      "instances": [
        {
          "schema_version": 0,
          "attributes": {
            "filename": null,
            "id": "3abf9d20ab92117f10950f756bae97375849970fc662fa8ca23f41e8bc9ca3d0",
            "rendered": "sudo apt-get update -y\r\nsudo apt-get install apt-transport-https ca-certificates gnupg -y\r\nsudo apt-get install kubectl -y\r\nsudo apt-get install google-cloud-sdk-gke-gcloud-auth-plugin -y\r\n",
            "template": "sudo apt-get update -y\r\nsudo apt-get install apt-transport-https ca-certificates gnupg -y\r\nsudo apt-get install kubectl -y\r\nsudo apt-get install google-cloud-sdk-gke-gcloud-auth-plugin -y\r\n",
            "vars": null
          },
          "sensitive_attributes": []
        }
      ]
    },
    {
      "mode": "managed",
      "type": "google_compute_firewall",
      "name": "default",
      "provider": "provider[\"registry.terraform.io/hashicorp/google\"]",
      "instances": [
        {
          "schema_version": 1,
          "attributes": {
            "allow": [
              {
                "ports": [
                  "80",
                  "8080",
                  "22"
                ],
                "protocol": "tcp"
              }
            ],
            "creation_timestamp": "2022-11-18T18:01:51.941-08:00",
            "deny": [],
            "description": "",
            "destination_ranges": [],
            "direction": "INGRESS",
            "disabled": false,
            "enable_logging": false,
            "id": "projects/iti-project-369013/global/firewalls/tf-allow-ssh",
            "name": "tf-allow-ssh",
            "network": "https://www.googleapis.com/compute/v1/projects/iti-project-369013/global/networks/tf-network",
            "priority": 1000,
            "project": "iti-project-369013",
            "self_link": "https://www.googleapis.com/compute/v1/projects/iti-project-369013/global/firewalls/tf-allow-ssh",
            "source_ranges": [
              "35.235.240.0/20"
            ],
            "source_service_accounts": null,
            "source_tags": null,
            "target_service_accounts": null,
            "target_tags": null,
            "timeouts": null
          },
          "sensitive_attributes": [],
          "private": "eyJlMmJmYjczMC1lY2FhLTExZTYtOGY4OC0zNDM2M2JjN2M0YzAiOnsiY3JlYXRlIjoyNDAwMDAwMDAwMDAsImRlbGV0ZSI6MjQwMDAwMDAwMDAwLCJ1cGRhdGUiOjI0MDAwMDAwMDAwMH0sInNjaGVtYV92ZXJzaW9uIjoiMSJ9",
          "dependencies": [
            "google_compute_network.tf_network"
          ]
        }
      ]
    },
    {
      "mode": "managed",
      "type": "google_compute_firewall",
      "name": "health_check_allow",
      "provider": "provider[\"registry.terraform.io/hashicorp/google\"]",
      "instances": [
        {
          "schema_version": 1,
          "attributes": {
            "allow": [
              {
                "ports": [
                  "10256"
                ],
                "protocol": "tcp"
              }
            ],
            "creation_timestamp": "2022-11-18T18:02:10.813-08:00",
            "deny": [],
            "description": "",
            "destination_ranges": [],
            "direction": "INGRESS",
            "disabled": false,
            "enable_logging": false,
            "id": "projects/iti-project-369013/global/firewalls/tf-allow-health-check",
            "name": "tf-allow-health-check",
            "network": "https://www.googleapis.com/compute/v1/projects/iti-project-369013/global/networks/tf-network",
            "priority": 1000,
            "project": "iti-project-369013",
            "self_link": "https://www.googleapis.com/compute/v1/projects/iti-project-369013/global/firewalls/tf-allow-health-check",
            "source_ranges": [
              "10.0.0.0/24"
            ],
            "source_service_accounts": null,
            "source_tags": null,
            "target_service_accounts": null,
            "target_tags": null,
            "timeouts": null
          },
          "sensitive_attributes": [],
          "private": "eyJlMmJmYjczMC1lY2FhLTExZTYtOGY4OC0zNDM2M2JjN2M0YzAiOnsiY3JlYXRlIjoyNDAwMDAwMDAwMDAsImRlbGV0ZSI6MjQwMDAwMDAwMDAwLCJ1cGRhdGUiOjI0MDAwMDAwMDAwMH0sInNjaGVtYV92ZXJzaW9uIjoiMSJ9",
          "dependencies": [
            "google_compute_network.tf_network",
            "google_compute_subnetwork.tf_subnet"
          ]
        }
      ]
    },
    {
      "mode": "managed",
      "type": "google_compute_instance",
      "name": "vm_instance",
      "provider": "provider[\"registry.terraform.io/hashicorp/google\"]",
      "instances": [
        {
          "schema_version": 6,
          "attributes": {
            "allow_stopping_for_update": null,
            "attached_disk": [],
            "boot_disk": [
              {
                "auto_delete": true,
                "device_name": "persistent-disk-0",
                "disk_encryption_key_raw": "",
                "disk_encryption_key_sha256": "",
                "initialize_params": [
                  {
                    "image": "https://www.googleapis.com/compute/v1/projects/debian-cloud/global/images/debian-11-bullseye-v20221102",
                    "labels": {},
                    "size": 10,
                    "type": "pd-standard"
                  }
                ],
                "kms_key_self_link": "",
                "mode": "READ_WRITE",
                "source": "https://www.googleapis.com/compute/v1/projects/iti-project-369013/zones/us-central1-b/disks/terraform-instance"
              }
            ],
            "can_ip_forward": false,
            "cpu_platform": "Intel Broadwell",
            "deletion_protection": false,
            "description": "",
            "enable_display": false,
            "guest_accelerator": [],
            "hostname": "",
            "id": "projects/iti-project-369013/zones/us-central1-b/instances/terraform-instance",
            "instance_id": "802657024903317449",
            "label_fingerprint": "42WmSpB8rSM=",
            "labels": null,
            "machine_type": "e2-medium",
            "metadata": null,
            "metadata_fingerprint": "b_neTFD6WUQ=",
            "metadata_startup_script": "sudo apt-get update -y\r\nsudo apt-get install apt-transport-https ca-certificates gnupg -y\r\nsudo apt-get install kubectl -y\r\nsudo apt-get install google-cloud-sdk-gke-gcloud-auth-plugin -y\r\n",
            "min_cpu_platform": "",
            "name": "terraform-instance",
            "network_interface": [
              {
                "access_config": [],
                "alias_ip_range": [],
                "name": "nic0",
                "network": "https://www.googleapis.com/compute/v1/projects/iti-project-369013/global/networks/tf-network",
                "network_ip": "10.0.0.2",
                "subnetwork": "https://www.googleapis.com/compute/v1/projects/iti-project-369013/regions/us-central1/subnetworks/tf-subnetwork",
                "subnetwork_project": "iti-project-369013"
              }
            ],
            "project": "iti-project-369013",
            "scheduling": [
              {
                "automatic_restart": true,
                "node_affinities": [],
                "on_host_maintenance": "MIGRATE",
                "preemptible": false
              }
            ],
            "scratch_disk": [],
            "self_link": "https://www.googleapis.com/compute/v1/projects/iti-project-369013/zones/us-central1-b/instances/terraform-instance",
            "service_account": [],
            "shielded_instance_config": [
              {
                "enable_integrity_monitoring": true,
                "enable_secure_boot": false,
                "enable_vtpm": true
              }
            ],
            "tags": null,
            "tags_fingerprint": "42WmSpB8rSM=",
            "timeouts": null,
            "zone": "us-central1-b"
          },
          "sensitive_attributes": [],
          "private": "eyJlMmJmYjczMC1lY2FhLTExZTYtOGY4OC0zNDM2M2JjN2M0YzAiOnsiY3JlYXRlIjoxMjAwMDAwMDAwMDAwLCJkZWxldGUiOjEyMDAwMDAwMDAwMDAsInVwZGF0ZSI6MTIwMDAwMDAwMDAwMH0sInNjaGVtYV92ZXJzaW9uIjoiNiJ9",
          "dependencies": [
            "data.template_file.startup_script",
            "google_compute_network.tf_network",
            "google_compute_subnetwork.tf_subnet"
          ]
        }
      ]
    },
    {
      "mode": "managed",
      "type": "google_compute_network",
      "name": "tf_network",
      "provider": "provider[\"registry.terraform.io/hashicorp/google\"]",
      "instances": [
        {
          "schema_version": 0,
          "attributes": {
            "auto_create_subnetworks": false,
            "delete_default_routes_on_create": false,
            "description": "",
            "gateway_ipv4": "",
            "id": "projects/iti-project-369013/global/networks/tf-network",
            "ipv4_range": null,
            "name": "tf-network",
            "project": "iti-project-369013",
            "routing_mode": "GLOBAL",
            "self_link": "https://www.googleapis.com/compute/v1/projects/iti-project-369013/global/networks/tf-network",
            "timeouts": null
          },
          "sensitive_attributes": [],
          "private": "eyJlMmJmYjczMC1lY2FhLTExZTYtOGY4OC0zNDM2M2JjN2M0YzAiOnsiY3JlYXRlIjoyNDAwMDAwMDAwMDAsImRlbGV0ZSI6MjQwMDAwMDAwMDAwLCJ1cGRhdGUiOjI0MDAwMDAwMDAwMH19"
        }
      ]
    },
    {
      "mode": "managed",
      "type": "google_compute_router",
      "name": "tf_router",
      "provider": "provider[\"registry.terraform.io/hashicorp/google\"]",
      "instances": [
        {
          "schema_version": 0,
          "attributes": {
            "bgp": [
              {
                "advertise_mode": "DEFAULT",
                "advertised_groups": null,
                "advertised_ip_ranges": [],
                "asn": 64514
              }
            ],
            "creation_timestamp": "2022-11-18T18:02:10.695-08:00",
            "description": "",
            "id": "projects/iti-project-369013/regions/us-central1/routers/tf-router",
            "name": "tf-router",
            "network": "https://www.googleapis.com/compute/v1/projects/iti-project-369013/global/networks/tf-network",
            "project": "iti-project-369013",
            "region": "us-central1",
            "self_link": "https://www.googleapis.com/compute/v1/projects/iti-project-369013/regions/us-central1/routers/tf-router",
            "timeouts": null
          },
          "sensitive_attributes": [],
          "private": "eyJlMmJmYjczMC1lY2FhLTExZTYtOGY4OC0zNDM2M2JjN2M0YzAiOnsiY3JlYXRlIjoyNDAwMDAwMDAwMDAsImRlbGV0ZSI6MjQwMDAwMDAwMDAwLCJ1cGRhdGUiOjI0MDAwMDAwMDAwMH19",
          "dependencies": [
            "google_compute_network.tf_network",
            "google_compute_subnetwork.tf_subnet"
          ]
        }
      ]
    },
    {
      "mode": "managed",
      "type": "google_compute_router_nat",
      "name": "tf_nat",
      "provider": "provider[\"registry.terraform.io/hashicorp/google\"]",
      "instances": [
        {
          "schema_version": 0,
          "attributes": {
            "icmp_idle_timeout_sec": 30,
            "id": "iti-project-369013/us-central1/tf-router/tf-router-nat",
            "log_config": [
              {
                "enable": false,
                "filter": "ERRORS_ONLY"
              }
            ],
            "min_ports_per_vm": 0,
            "name": "tf-router-nat",
            "nat_ip_allocate_option": "AUTO_ONLY",
            "nat_ips": null,
            "project": "iti-project-369013",
            "region": "us-central1",
            "router": "tf-router",
            "source_subnetwork_ip_ranges_to_nat": "ALL_SUBNETWORKS_ALL_IP_RANGES",
            "subnetwork": [],
            "tcp_established_idle_timeout_sec": 1200,
            "tcp_transitory_idle_timeout_sec": 30,
            "timeouts": null,
            "udp_idle_timeout_sec": 30
          },
          "sensitive_attributes": [],
          "private": "eyJlMmJmYjczMC1lY2FhLTExZTYtOGY4OC0zNDM2M2JjN2M0YzAiOnsiY3JlYXRlIjo2MDAwMDAwMDAwMDAsImRlbGV0ZSI6NjAwMDAwMDAwMDAwLCJ1cGRhdGUiOjYwMDAwMDAwMDAwMH19",
          "dependencies": [
            "google_compute_network.tf_network",
            "google_compute_router.tf_router",
            "google_compute_subnetwork.tf_subnet"
          ]
        }
      ]
    },
    {
      "mode": "managed",
      "type": "google_compute_subnetwork",
      "name": "tf_subnet",
      "provider": "provider[\"registry.terraform.io/hashicorp/google\"]",
      "instances": [
        {
          "schema_version": 0,
          "attributes": {
            "creation_timestamp": "2022-11-18T18:01:51.903-08:00",
            "description": "",
            "enable_flow_logs": null,
            "fingerprint": null,
            "gateway_address": "10.0.0.1",
            "id": "projects/iti-project-369013/regions/us-central1/subnetworks/tf-subnetwork",
            "ip_cidr_range": "10.0.0.0/24",
            "log_config": [],
            "name": "tf-subnetwork",
            "network": "https://www.googleapis.com/compute/v1/projects/iti-project-369013/global/networks/tf-network",
            "private_ip_google_access": true,
            "project": "iti-project-369013",
            "region": "us-central1",
            "secondary_ip_range": [
              {
                "ip_cidr_range": "10.0.1.0/24",
                "range_name": "services-range"
              },
              {
                "ip_cidr_range": "10.0.2.0/24",
                "range_name": "pod-ranges"
              }
            ],
            "self_link": "https://www.googleapis.com/compute/v1/projects/iti-project-369013/regions/us-central1/subnetworks/tf-subnetwork",
            "timeouts": null
          },
          "sensitive_attributes": [],
          "private": "eyJlMmJmYjczMC1lY2FhLTExZTYtOGY4OC0zNDM2M2JjN2M0YzAiOnsiY3JlYXRlIjozNjAwMDAwMDAwMDAsImRlbGV0ZSI6MzYwMDAwMDAwMDAwLCJ1cGRhdGUiOjM2MDAwMDAwMDAwMH19",
          "dependencies": [
            "google_compute_network.tf_network"
          ]
        }
      ]
    },
    {
      "mode": "managed",
      "type": "google_container_cluster",
      "name": "tf_cluster",
      "provider": "provider[\"registry.terraform.io/hashicorp/google\"]",
      "instances": [
        {
          "schema_version": 1,
          "attributes": {
            "additional_zones": [],
            "addons_config": [
              {
                "horizontal_pod_autoscaling": [
                  {
                    "disabled": false
                  }
                ],
                "http_load_balancing": [
                  {
                    "disabled": false
                  }
                ],
                "kubernetes_dashboard": [],
                "network_policy_config": [
                  {
                    "disabled": true
                  }
                ]
              }
            ],
            "authenticator_groups_config": [],
            "cluster_autoscaling": [
              {
                "auto_provisioning_defaults": [],
                "enabled": false,
                "resource_limits": []
              }
            ],
            "cluster_ipv4_cidr": "10.0.1.0/24",
            "default_max_pods_per_node": 110,
            "description": "",
            "enable_binary_authorization": null,
            "enable_intranode_visibility": null,
            "enable_kubernetes_alpha": false,
            "enable_legacy_abac": false,
            "enable_tpu": null,
            "endpoint": "34.173.56.219",
            "id": "projects/iti-project-369013/locations/us-central1-b/clusters/tf-cluster",
            "initial_node_count": 1,
            "instance_group_urls": [],
            "ip_allocation_policy": [
              {
                "cluster_ipv4_cidr_block": "10.0.1.0/24",
                "cluster_secondary_range_name": "services-range",
                "create_subnetwork": false,
                "node_ipv4_cidr_block": "",
                "services_ipv4_cidr_block": "10.0.2.0/24",
                "services_secondary_range_name": "pod-ranges",
                "subnetwork_name": "",
                "use_ip_aliases": false
              }
            ],
            "location": "us-central1-b",
            "logging_service": "logging.googleapis.com/kubernetes",
            "maintenance_policy": [],
            "master_auth": [
              {
                "client_certificate": "",
                "client_certificate_config": [
                  {
                    "issue_client_certificate": false
                  }
                ],
                "client_key": "",
                "cluster_ca_certificate": "LS0tLS1CRUdJTiBDRVJUSUZJQ0FURS0tLS0tCk1JSUVMVENDQXBXZ0F3SUJBZ0lSQUw3NGZaV21QOW15QjVBeG56TXhsOVV3RFFZSktvWklodmNOQVFFTEJRQXcKTHpFdE1Dc0dBMVVFQXhNa1lqZ3paRGxrTmpJdE9HWTNPQzAwTTJGaUxXRTVaRGN0WmpRMFpHRTBOV05oWm1ZNQpNQ0FYRFRJeU1URXhPVEF4TURJeE5Wb1lEekl3TlRJeE1URXhNREl3TWpFMVdqQXZNUzB3S3dZRFZRUURFeVJpCk9ETmtPV1EyTWkwNFpqYzRMVFF6WVdJdFlUbGtOeTFtTkRSa1lUUTFZMkZtWmprd2dnR2lNQTBHQ1NxR1NJYjMKRFFFQkFRVUFBNElCandBd2dnR0tBb0lCZ1FDSysrWHJ4Rjc2RUY0VWpEMThPOUZTSXlGOWxaRkZEdXQ3RGVYZApVNzgwVDlVNEpJa2pwVk9NMjJ3UXRUYjY0ekFta25qOFlUQjZ3QlNKVW5GNWJjRmcvbFhsZXBIOVlKYTdKOUZTCi9waEt4Nnlyc253cm43ZjFjWTFTNTJmM1FYK2VhaU1wbEk2WU9aSklWcGI4bGZYRDNBM2hGaWZRZUh4M0NKZWUKQzh5U0JXZURnVGJoMTJGNWZGMU1IYVE2YTZJcjZlQWM4VHpMQzAwemtGQTZZRUo0TCtIdVM4V29YanlkOUdpUgpiMm5VMTFlZlptTUdJRGJHMXJEeXpZek5JN1JWWWVxeUVZcW4wZE14YmlNU245SVR0eXZMUVNQMUp0WDRSeWZsCmlJWDNpN08zSjdIdXFzK0E0UmRNemlrcjI0RysxNjZpb0ZJcHBCWmlZLzRQcTZHeXJKYXdHbWNlSW1mYnUxYksKbERJbElPZy9yV1U4RTJZVHVNekJISEdJQXI3LzdnS3pRSG5HZnUwN1pIZUdlRVozSEVDOTBHYStZS2FPdzcwNwpiWEJMdXdBczlSL1RsWkxnY2JtOVRmT2oxQkh0WlJUaVBPRXdUWEUzYmQxM1V3bjJvbTBqOTcwRVg1ZFprSVlVCnVURDJPcjJ6Nm8zaWt0VU9rWHo5WHgyY2YrY0NBd0VBQWFOQ01FQXdEZ1lEVlIwUEFRSC9CQVFEQWdJRU1BOEcKQTFVZEV3RUIvd1FGTUFNQkFmOHdIUVlEVlIwT0JCWUVGSElHb3VwdWUwQVJpWStBdFBBVkVBQ0trKzU3TUEwRwpDU3FHU0liM0RRRUJDd1VBQTRJQmdRQTRPU0t6S1BWM2NmOHFKTC9FVlY1RHBQc3JvaWNjSFpiSERPTVpvZUxjCkJuUmxkVFhRZlU3UEZsSWpSSE1Cb0poaDRCTElGTkQwa3dGSG1Tb3BLNlM2R0p2L2IxaS8yYzF6ZjdGV3pUd3AKcmVlaWQxRWk1Q2R6K3FnaWovanRLczNJV0IzUXNSL2o0WDlNYTBSRG1DSWc2NmR2TDdWeEwwTmJOSkZYUS9TaQpYZ3ZRSTYyclBiSU1Od1dtMGs2b3BjVUgwLyttbEUvTHZoK2ZMbU1obm1CeXVWVVYrQUY5VzJBamk1WUk1NldCCm5ob01aanpQcDR0YXhYV2tVWTFhWFppSDgwVFVnZ2kxK2xHOFlvMkZmckpLUVUvUkg3dE4rOWx2VGh5bW5aZ2cKTDRQaWxxcHNhSjVMUkZ2d2JYckFOalUyZkczM3ZtV3NlSGw1RGRsOWZnOVYrblA4U1E4U1dmR3g5aVh0akxEVApYeHBRUTZ6SmVWaXY5bTFDSWhYU1pWSWdkcEtEanArZUwyMjhvNFIyNEJpOWRYbC9TYzVwb2dNaE9sSHpnZjhqClVyS2RKZ3VHQnFGcmlHdW14SEdpcEdyRDNubTJveDZrLzhtdmJnZEhYSm82ZlJjZTJMQitITk9CeUQ5L3Z2bUEKSStFWk12ODhtbkttaWtSV2RFQ3dXZnc9Ci0tLS0tRU5EIENFUlRJRklDQVRFLS0tLS0K",
                "password": "",
                "username": ""
              }
            ],
            "master_authorized_networks_config": [],
            "master_version": "1.23.12-gke.100",
            "min_master_version": null,
            "monitoring_service": "monitoring.googleapis.com/kubernetes",
            "name": "tf-cluster",
            "network": "projects/iti-project-369013/global/networks/tf-network",
            "network_policy": [
              {
                "enabled": false,
                "provider": "PROVIDER_UNSPECIFIED"
              }
            ],
            "node_config": [],
            "node_locations": [],
            "node_pool": [],
            "node_version": "1.23.12-gke.100",
            "operation": null,
            "pod_security_policy_config": null,
            "private_cluster_config": [
              {
                "enable_private_endpoint": false,
                "enable_private_nodes": true,
                "master_ipv4_cidr_block": "172.16.0.0/28",
                "private_endpoint": "172.16.0.2",
                "public_endpoint": "34.173.56.219"
              }
            ],
            "project": "iti-project-369013",
            "region": null,
            "remove_default_node_pool": true,
            "resource_labels": null,
            "services_ipv4_cidr": "10.0.2.0/24",
            "subnetwork": "projects/iti-project-369013/regions/us-central1/subnetworks/tf-subnetwork",
            "timeouts": null,
            "vertical_pod_autoscaling": [],
            "zone": null
          },
          "sensitive_attributes": [],
          "private": "eyJlMmJmYjczMC1lY2FhLTExZTYtOGY4OC0zNDM2M2JjN2M0YzAiOnsiY3JlYXRlIjoyNDAwMDAwMDAwMDAwLCJkZWxldGUiOjI0MDAwMDAwMDAwMDAsInVwZGF0ZSI6MzYwMDAwMDAwMDAwMH0sInNjaGVtYV92ZXJzaW9uIjoiMSJ9",
          "dependencies": [
            "google_compute_network.tf_network",
            "google_compute_subnetwork.tf_subnet"
          ]
        }
      ]
    },
    {
      "mode": "managed",
      "type": "google_container_node_pool",
      "name": "tf_node_pool",
      "provider": "provider[\"registry.terraform.io/hashicorp/google\"]",
      "instances": [
        {
          "schema_version": 1,
          "attributes": {
            "autoscaling": [],
            "cluster": "tf-cluster",
            "id": "projects/iti-project-369013/locations/us-central1-b/clusters/tf-cluster/nodePools/tf-node-pool",
            "initial_node_count": 1,
            "instance_group_urls": [
              "https://www.googleapis.com/compute/v1/projects/iti-project-369013/zones/us-central1-b/instanceGroupManagers/gke-tf-cluster-tf-node-pool-0571c2a0-grp"
            ],
            "location": "us-central1-b",
            "management": [
              {
                "auto_repair": true,
                "auto_upgrade": true
              }
            ],
            "max_pods_per_node": 110,
            "name": "tf-node-pool",
            "name_prefix": "",
            "node_config": [
              {
                "disk_size_gb": 100,
                "disk_type": "pd-standard",
                "guest_accelerator": [],
                "image_type": "COS_CONTAINERD",
                "labels": {},
                "local_ssd_count": 0,
                "machine_type": "e2-medium",
                "metadata": {
                  "disable-legacy-endpoints": "true"
                },
                "min_cpu_platform": "",
                "oauth_scopes": [
                  "https://www.googleapis.com/auth/cloud-platform",
                  "https://www.googleapis.com/auth/logging.write",
                  "https://www.googleapis.com/auth/monitoring"
                ],
                "preemptible": true,
                "sandbox_config": [],
                "service_account": "default",
                "shielded_instance_config": [
                  {
                    "enable_integrity_monitoring": true,
                    "enable_secure_boot": false
                  }
                ],
                "tags": null,
                "taint": [],
                "workload_metadata_config": []
              }
            ],
            "node_count": 1,
            "project": "iti-project-369013",
            "region": null,
            "timeouts": null,
            "version": "1.23.12-gke.100",
            "zone": null
          },
          "sensitive_attributes": [],
          "private": "eyJlMmJmYjczMC1lY2FhLTExZTYtOGY4OC0zNDM2M2JjN2M0YzAiOnsiY3JlYXRlIjoxODAwMDAwMDAwMDAwLCJkZWxldGUiOjE4MDAwMDAwMDAwMDAsInVwZGF0ZSI6MTgwMDAwMDAwMDAwMH0sInNjaGVtYV92ZXJzaW9uIjoiMSJ9",
          "dependencies": [
            "google_compute_network.tf_network",
            "google_compute_subnetwork.tf_subnet",
            "google_container_cluster.tf_cluster"
          ]
        }
      ]
    }
  ],
  "check_results": []
}
